dependencies:
- name: ambassador
  repository: https://www.getambassador.io
  version: 6.5.22
- name: rabbitmq
  repository: https://charts.bitnami.com/bitnami
  version: 8.20.1
- name: minio
  repository: https://helm.min.io/
  version: 5.0.32
digest: sha256:4a82ef23e29acb96d468f4802f9a259348ff896490b1a21621c7908a3b9609da
generated: "2021-08-20T10:13:30.812095+02:00"
